// !$*UTF8*$!
{
	archiveVersion = 1;
	classes = {
	};
	objectVersion = 46;
	objects = {

/* Begin PBXBuildFile section */
		8B98D8E61E000162000ECA71 /* pastedImage@2x.png in Resources */ = {isa = PBXBuildFile; fileRef = 8B98D8E51E000162000ECA71 /* pastedImage@2x.png */; settings = {ASSET_TAGS = (); }; };
		8BCF34B21DFE9B140010B68D /* main.m in Sources */ = {isa = PBXBuildFile; fileRef = 8BCF34B11DFE9B140010B68D /* main.m */; };
		8BCF34B51DFE9B140010B68D /* AppDelegate.m in Sources */ = {isa = PBXBuildFile; fileRef = 8BCF34B41DFE9B140010B68D /* AppDelegate.m */; };
		8BCF34B81DFE9B140010B68D /* ViewController.m in Sources */ = {isa = PBXBuildFile; fileRef = 8BCF34B71DFE9B140010B68D /* ViewController.m */; };
		8BCF34BB1DFE9B140010B68D /* Main.storyboard in Resources */ = {isa = PBXBuildFile; fileRef = 8BCF34B91DFE9B140010B68D /* Main.storyboard */; };
		8BCF34BD1DFE9B140010B68D /* Assets.xcassets in Resources */ = {isa = PBXBuildFile; fileRef = 8BCF34BC1DFE9B140010B68D /* Assets.xcassets */; };
		8BCF34C01DFE9B140010B68D /* LaunchScreen.storyboard in Resources */ = {isa = PBXBuildFile; fileRef = 8BCF34BE1DFE9B140010B68D /* LaunchScreen.storyboard */; };
		8BCF34C91DFE9F900010B68D /* BharatQueryController.m in Sources */ = {isa = PBXBuildFile; fileRef = 8BCF34C81DFE9F900010B68D /* BharatQueryController.m */; };
		8BCF34CC1DFEA0A30010B68D /* Bolts.framework in Frameworks */ = {isa = PBXBuildFile; fileRef = 8BCF34CA1DFEA0A30010B68D /* Bolts.framework */; };
		8BCF34CD1DFEA0A30010B68D /* Parse.framework in Frameworks */ = {isa = PBXBuildFile; fileRef = 8BCF34CB1DFEA0A30010B68D /* Parse.framework */; };
		8BCF34CF1DFEA0CE0010B68D /* AudioToolbox.framework in Frameworks */ = {isa = PBXBuildFile; fileRef = 8BCF34CE1DFEA0CE0010B68D /* AudioToolbox.framework */; };
		8BCF34D11DFEA0DC0010B68D /* CFNetwork.framework in Frameworks */ = {isa = PBXBuildFile; fileRef = 8BCF34D01DFEA0DC0010B68D /* CFNetwork.framework */; };
		8BCF34D31DFEA0EA0010B68D /* CoreGraphics.framework in Frameworks */ = {isa = PBXBuildFile; fileRef = 8BCF34D21DFEA0EA0010B68D /* CoreGraphics.framework */; };
		8BCF34D51DFEA0FC0010B68D /* QuartzCore.framework in Frameworks */ = {isa = PBXBuildFile; fileRef = 8BCF34D41DFEA0FC0010B68D /* QuartzCore.framework */; };
		8BCF34D71DFEA11C0010B68D /* StoreKit.framework in Frameworks */ = {isa = PBXBuildFile; fileRef = 8BCF34D61DFEA11C0010B68D /* StoreKit.framework */; };
		8BCF34D91DFEA13A0010B68D /* SystemConfiguration.framework in Frameworks */ = {isa = PBXBuildFile; fileRef = 8BCF34D81DFEA13A0010B68D /* SystemConfiguration.framework */; };
		8BCF34DC1DFEA4450010B68D /* BharatDTO.m in Sources */ = {isa = PBXBuildFile; fileRef = 8BCF34DB1DFEA4450010B68D /* BharatDTO.m */; };
		8BCF34DE1DFEB0E40010B68D /* libz.tbd in Frameworks */ = {isa = PBXBuildFile; fileRef = 8BCF34DD1DFEB0E40010B68D /* libz.tbd */; };
		8BCF34E01DFEB0F20010B68D /* libsqlite3.tbd in Frameworks */ = {isa = PBXBuildFile; fileRef = 8BCF34DF1DFEB0F20010B68D /* libsqlite3.tbd */; };
		8BCF34E21DFEB11D0010B68D /* Security.framework in Frameworks */ = {isa = PBXBuildFile; fileRef = 8BCF34E11DFEB11D0010B68D /* Security.framework */; };
		8BCF34E41DFEB1660010B68D /* MobileCoreServices.framework in Frameworks */ = {isa = PBXBuildFile; fileRef = 8BCF34E31DFEB1660010B68D /* MobileCoreServices.framework */; };
		C5D328031DFEBBC300E19F5C /* PostViewController.m in Sources */ = {isa = PBXBuildFile; fileRef = C5D328021DFEBBC300E19F5C /* PostViewController.m */; };
		C5D328081DFFC1F800E19F5C /* NewsFeedCell.m in Sources */ = {isa = PBXBuildFile; fileRef = C5D328051DFFC1F800E19F5C /* NewsFeedCell.m */; };
		C5D328091DFFC1F800E19F5C /* NewsFeedViewController.m in Sources */ = {isa = PBXBuildFile; fileRef = C5D328071DFFC1F800E19F5C /* NewsFeedViewController.m */; };
		C5D3280C1DFFCDA500E19F5C /* ProductsViewController.m in Sources */ = {isa = PBXBuildFile; fileRef = C5D3280B1DFFCDA500E19F5C /* ProductsViewController.m */; };
		C5D328101DFFEE8100E19F5C /* popover_header_bg_TPL.png in Resources */ = {isa = PBXBuildFile; fileRef = C5D3280D1DFFEE8100E19F5C /* popover_header_bg_TPL.png */; };
		C5D328111DFFEE8100E19F5C /* popover_header_bg_TPL@2x.png in Resources */ = {isa = PBXBuildFile; fileRef = C5D3280E1DFFEE8100E19F5C /* popover_header_bg_TPL@2x.png */; };
		C5D328121DFFEE8100E19F5C /* popover_header_bg_TPL@3x.png in Resources */ = {isa = PBXBuildFile; fileRef = C5D3280F1DFFEE8100E19F5C /* popover_header_bg_TPL@3x.png */; };
/* End PBXBuildFile section */

/* Begin PBXFileReference section */
		8B98D8E51E000162000ECA71 /* pastedImage@2x.png */ = {isa = PBXFileReference; lastKnownFileType = image.png; path = "pastedImage@2x.png"; sourceTree = "<group>"; };
		8BCF34AD1DFE9B140010B68D /* Bharat+.app */ = {isa = PBXFileReference; explicitFileType = wrapper.application; includeInIndex = 0; path = "Bharat+.app"; sourceTree = BUILT_PRODUCTS_DIR; };
		8BCF34B11DFE9B140010B68D /* main.m */ = {isa = PBXFileReference; lastKnownFileType = sourcecode.c.objc; path = main.m; sourceTree = "<group>"; };
		8BCF34B31DFE9B140010B68D /* AppDelegate.h */ = {isa = PBXFileReference; lastKnownFileType = sourcecode.c.h; path = AppDelegate.h; sourceTree = "<group>"; };
		8BCF34B41DFE9B140010B68D /* AppDelegate.m */ = {isa = PBXFileReference; lastKnownFileType = sourcecode.c.objc; path = AppDelegate.m; sourceTree = "<group>"; };
		8BCF34B61DFE9B140010B68D /* ViewController.h */ = {isa = PBXFileReference; lastKnownFileType = sourcecode.c.h; path = ViewController.h; sourceTree = "<group>"; };
		8BCF34B71DFE9B140010B68D /* ViewController.m */ = {isa = PBXFileReference; lastKnownFileType = sourcecode.c.objc; path = ViewController.m; sourceTree = "<group>"; };
		8BCF34BA1DFE9B140010B68D /* Base */ = {isa = PBXFileReference; lastKnownFileType = file.storyboard; name = Base; path = Base.lproj/Main.storyboard; sourceTree = "<group>"; };
		8BCF34BC1DFE9B140010B68D /* Assets.xcassets */ = {isa = PBXFileReference; lastKnownFileType = folder.assetcatalog; path = Assets.xcassets; sourceTree = "<group>"; };
		8BCF34BF1DFE9B140010B68D /* Base */ = {isa = PBXFileReference; lastKnownFileType = file.storyboard; name = Base; path = Base.lproj/LaunchScreen.storyboard; sourceTree = "<group>"; };
		8BCF34C11DFE9B140010B68D /* Info.plist */ = {isa = PBXFileReference; lastKnownFileType = text.plist.xml; path = Info.plist; sourceTree = "<group>"; };
		8BCF34C71DFE9F900010B68D /* BharatQueryController.h */ = {isa = PBXFileReference; fileEncoding = 4; lastKnownFileType = sourcecode.c.h; path = BharatQueryController.h; sourceTree = "<group>"; };
		8BCF34C81DFE9F900010B68D /* BharatQueryController.m */ = {isa = PBXFileReference; fileEncoding = 4; lastKnownFileType = sourcecode.c.objc; path = BharatQueryController.m; sourceTree = "<group>"; };
		8BCF34CA1DFEA0A30010B68D /* Bolts.framework */ = {isa = PBXFileReference; lastKnownFileType = wrapper.framework; path = Bolts.framework; sourceTree = "<group>"; };
		8BCF34CB1DFEA0A30010B68D /* Parse.framework */ = {isa = PBXFileReference; lastKnownFileType = wrapper.framework; path = Parse.framework; sourceTree = "<group>"; };
		8BCF34CE1DFEA0CE0010B68D /* AudioToolbox.framework */ = {isa = PBXFileReference; lastKnownFileType = wrapper.framework; name = AudioToolbox.framework; path = System/Library/Frameworks/AudioToolbox.framework; sourceTree = SDKROOT; };
		8BCF34D01DFEA0DC0010B68D /* CFNetwork.framework */ = {isa = PBXFileReference; lastKnownFileType = wrapper.framework; name = CFNetwork.framework; path = System/Library/Frameworks/CFNetwork.framework; sourceTree = SDKROOT; };
		8BCF34D21DFEA0EA0010B68D /* CoreGraphics.framework */ = {isa = PBXFileReference; lastKnownFileType = wrapper.framework; name = CoreGraphics.framework; path = System/Library/Frameworks/CoreGraphics.framework; sourceTree = SDKROOT; };
		8BCF34D41DFEA0FC0010B68D /* QuartzCore.framework */ = {isa = PBXFileReference; lastKnownFileType = wrapper.framework; name = QuartzCore.framework; path = System/Library/Frameworks/QuartzCore.framework; sourceTree = SDKROOT; };
		8BCF34D61DFEA11C0010B68D /* StoreKit.framework */ = {isa = PBXFileReference; lastKnownFileType = wrapper.framework; name = StoreKit.framework; path = System/Library/Frameworks/StoreKit.framework; sourceTree = SDKROOT; };
		8BCF34D81DFEA13A0010B68D /* SystemConfiguration.framework */ = {isa = PBXFileReference; lastKnownFileType = wrapper.framework; name = SystemConfiguration.framework; path = System/Library/Frameworks/SystemConfiguration.framework; sourceTree = SDKROOT; };
		8BCF34DA1DFEA4450010B68D /* BharatDTO.h */ = {isa = PBXFileReference; fileEncoding = 4; lastKnownFileType = sourcecode.c.h; path = BharatDTO.h; sourceTree = "<group>"; };
		8BCF34DB1DFEA4450010B68D /* BharatDTO.m */ = {isa = PBXFileReference; fileEncoding = 4; lastKnownFileType = sourcecode.c.objc; path = BharatDTO.m; sourceTree = "<group>"; };
		8BCF34DD1DFEB0E40010B68D /* libz.tbd */ = {isa = PBXFileReference; lastKnownFileType = "sourcecode.text-based-dylib-definition"; name = libz.tbd; path = usr/lib/libz.tbd; sourceTree = SDKROOT; };
		8BCF34DF1DFEB0F20010B68D /* libsqlite3.tbd */ = {isa = PBXFileReference; lastKnownFileType = "sourcecode.text-based-dylib-definition"; name = libsqlite3.tbd; path = usr/lib/libsqlite3.tbd; sourceTree = SDKROOT; };
		8BCF34E11DFEB11D0010B68D /* Security.framework */ = {isa = PBXFileReference; lastKnownFileType = wrapper.framework; name = Security.framework; path = System/Library/Frameworks/Security.framework; sourceTree = SDKROOT; };
		8BCF34E31DFEB1660010B68D /* MobileCoreServices.framework */ = {isa = PBXFileReference; lastKnownFileType = wrapper.framework; name = MobileCoreServices.framework; path = System/Library/Frameworks/MobileCoreServices.framework; sourceTree = SDKROOT; };
		C5D328011DFEBBC300E19F5C /* PostViewController.h */ = {isa = PBXFileReference; fileEncoding = 4; lastKnownFileType = sourcecode.c.h; path = PostViewController.h; sourceTree = "<group>"; };
		C5D328021DFEBBC300E19F5C /* PostViewController.m */ = {isa = PBXFileReference; fileEncoding = 4; lastKnownFileType = sourcecode.c.objc; path = PostViewController.m; sourceTree = "<group>"; };
		C5D328041DFFC1F800E19F5C /* NewsFeedCell.h */ = {isa = PBXFileReference; fileEncoding = 4; lastKnownFileType = sourcecode.c.h; path = NewsFeedCell.h; sourceTree = "<group>"; };
		C5D328051DFFC1F800E19F5C /* NewsFeedCell.m */ = {isa = PBXFileReference; fileEncoding = 4; lastKnownFileType = sourcecode.c.objc; path = NewsFeedCell.m; sourceTree = "<group>"; };
		C5D328061DFFC1F800E19F5C /* NewsFeedViewController.h */ = {isa = PBXFileReference; fileEncoding = 4; lastKnownFileType = sourcecode.c.h; path = NewsFeedViewController.h; sourceTree = "<group>"; };
		C5D328071DFFC1F800E19F5C /* NewsFeedViewController.m */ = {isa = PBXFileReference; fileEncoding = 4; lastKnownFileType = sourcecode.c.objc; path = NewsFeedViewController.m; sourceTree = "<group>"; };
		C5D3280A1DFFCDA500E19F5C /* ProductsViewController.h */ = {isa = PBXFileReference; fileEncoding = 4; lastKnownFileType = sourcecode.c.h; path = ProductsViewController.h; sourceTree = "<group>"; };
		C5D3280B1DFFCDA500E19F5C /* ProductsViewController.m */ = {isa = PBXFileReference; fileEncoding = 4; lastKnownFileType = sourcecode.c.objc; path = ProductsViewController.m; sourceTree = "<group>"; };
		C5D3280D1DFFEE8100E19F5C /* popover_header_bg_TPL.png */ = {isa = PBXFileReference; lastKnownFileType = image.png; path = popover_header_bg_TPL.png; sourceTree = "<group>"; };
		C5D3280E1DFFEE8100E19F5C /* popover_header_bg_TPL@2x.png */ = {isa = PBXFileReference; lastKnownFileType = image.png; path = "popover_header_bg_TPL@2x.png"; sourceTree = "<group>"; };
		C5D3280F1DFFEE8100E19F5C /* popover_header_bg_TPL@3x.png */ = {isa = PBXFileReference; lastKnownFileType = image.png; path = "popover_header_bg_TPL@3x.png"; sourceTree = "<group>"; };
/* End PBXFileReference section */

/* Begin PBXFrameworksBuildPhase section */
		8BCF34AA1DFE9B140010B68D /* Frameworks */ = {
			isa = PBXFrameworksBuildPhase;
			buildActionMask = 2147483647;
			files = (
				8BCF34E41DFEB1660010B68D /* MobileCoreServices.framework in Frameworks */,
				8BCF34E21DFEB11D0010B68D /* Security.framework in Frameworks */,
				8BCF34E01DFEB0F20010B68D /* libsqlite3.tbd in Frameworks */,
				8BCF34DE1DFEB0E40010B68D /* libz.tbd in Frameworks */,
				8BCF34D91DFEA13A0010B68D /* SystemConfiguration.framework in Frameworks */,
				8BCF34D71DFEA11C0010B68D /* StoreKit.framework in Frameworks */,
				8BCF34D51DFEA0FC0010B68D /* QuartzCore.framework in Frameworks */,
				8BCF34D31DFEA0EA0010B68D /* CoreGraphics.framework in Frameworks */,
				8BCF34D11DFEA0DC0010B68D /* CFNetwork.framework in Frameworks */,
				8BCF34CF1DFEA0CE0010B68D /* AudioToolbox.framework in Frameworks */,
				8BCF34CD1DFEA0A30010B68D /* Parse.framework in Frameworks */,
				8BCF34CC1DFEA0A30010B68D /* Bolts.framework in Frameworks */,
			);
			runOnlyForDeploymentPostprocessing = 0;
		};
/* End PBXFrameworksBuildPhase section */

/* Begin PBXGroup section */
		8BCF34A41DFE9B140010B68D = {
			isa = PBXGroup;
			children = (
				8BCF34E31DFEB1660010B68D /* MobileCoreServices.framework */,
				8BCF34E11DFEB11D0010B68D /* Security.framework */,
				8BCF34DF1DFEB0F20010B68D /* libsqlite3.tbd */,
				8BCF34DD1DFEB0E40010B68D /* libz.tbd */,
				8BCF34D81DFEA13A0010B68D /* SystemConfiguration.framework */,
				8BCF34D61DFEA11C0010B68D /* StoreKit.framework */,
				8BCF34D41DFEA0FC0010B68D /* QuartzCore.framework */,
				8BCF34D21DFEA0EA0010B68D /* CoreGraphics.framework */,
				8BCF34D01DFEA0DC0010B68D /* CFNetwork.framework */,
				8BCF34CE1DFEA0CE0010B68D /* AudioToolbox.framework */,
				8BCF34AF1DFE9B140010B68D /* Bharat+ */,
				8BCF34AE1DFE9B140010B68D /* Products */,
			);
			sourceTree = "<group>";
		};
		8BCF34AE1DFE9B140010B68D /* Products */ = {
			isa = PBXGroup;
			children = (
				8BCF34AD1DFE9B140010B68D /* Bharat+.app */,
			);
			name = Products;
			sourceTree = "<group>";
		};
		8BCF34AF1DFE9B140010B68D /* Bharat+ */ = {
			isa = PBXGroup;
			children = (
				C5D328041DFFC1F800E19F5C /* NewsFeedCell.h */,
				C5D328051DFFC1F800E19F5C /* NewsFeedCell.m */,
				C5D328061DFFC1F800E19F5C /* NewsFeedViewController.h */,
				C5D328071DFFC1F800E19F5C /* NewsFeedViewController.m */,
				8BCF34CA1DFEA0A30010B68D /* Bolts.framework */,
				8BCF34CB1DFEA0A30010B68D /* Parse.framework */,
				8BCF34B31DFE9B140010B68D /* AppDelegate.h */,
				8BCF34B41DFE9B140010B68D /* AppDelegate.m */,
				8BCF34B61DFE9B140010B68D /* ViewController.h */,
				8BCF34B71DFE9B140010B68D /* ViewController.m */,
				8BCF34B91DFE9B140010B68D /* Main.storyboard */,
				8BCF34BC1DFE9B140010B68D /* Assets.xcassets */,
				8BCF34BE1DFE9B140010B68D /* LaunchScreen.storyboard */,
				8BCF34C11DFE9B140010B68D /* Info.plist */,
				8BCF34B01DFE9B140010B68D /* Supporting Files */,
				8BCF34C71DFE9F900010B68D /* BharatQueryController.h */,
				8BCF34C81DFE9F900010B68D /* BharatQueryController.m */,
				8B98D8E51E000162000ECA71 /* pastedImage@2x.png */,
				8BCF34DA1DFEA4450010B68D /* BharatDTO.h */,
				C5D3280D1DFFEE8100E19F5C /* popover_header_bg_TPL.png */,
				C5D3280E1DFFEE8100E19F5C /* popover_header_bg_TPL@2x.png */,
				C5D3280F1DFFEE8100E19F5C /* popover_header_bg_TPL@3x.png */,
				8BCF34DB1DFEA4450010B68D /* BharatDTO.m */,
				C5D328011DFEBBC300E19F5C /* PostViewController.h */,
				C5D328021DFEBBC300E19F5C /* PostViewController.m */,
				C5D3280A1DFFCDA500E19F5C /* ProductsViewController.h */,
				C5D3280B1DFFCDA500E19F5C /* ProductsViewController.m */,
			);
			path = "Bharat+";
			sourceTree = "<group>";
		};
		8BCF34B01DFE9B140010B68D /* Supporting Files */ = {
			isa = PBXGroup;
			children = (
				8BCF34B11DFE9B140010B68D /* main.m */,
			);
			name = "Supporting Files";
			sourceTree = "<group>";
		};
/* End PBXGroup section */

/* Begin PBXNativeTarget section */
		8BCF34AC1DFE9B140010B68D /* Bharat+ */ = {
			isa = PBXNativeTarget;
			buildConfigurationList = 8BCF34C41DFE9B140010B68D /* Build configuration list for PBXNativeTarget "Bharat+" */;
			buildPhases = (
				8BCF34A91DFE9B140010B68D /* Sources */,
				8BCF34AA1DFE9B140010B68D /* Frameworks */,
				8BCF34AB1DFE9B140010B68D /* Resources */,
			);
			buildRules = (
			);
			dependencies = (
			);
			name = "Bharat+";
			productName = "Bharat+";
			productReference = 8BCF34AD1DFE9B140010B68D /* Bharat+.app */;
			productType = "com.apple.product-type.application";
		};
/* End PBXNativeTarget section */

/* Begin PBXProject section */
		8BCF34A51DFE9B140010B68D /* Project object */ = {
			isa = PBXProject;
			attributes = {
				LastUpgradeCheck = 0700;
				ORGANIZATIONNAME = Genpact;
				TargetAttributes = {
					8BCF34AC1DFE9B140010B68D = {
						CreatedOnToolsVersion = 7.0;
					};
				};
			};
			buildConfigurationList = 8BCF34A81DFE9B140010B68D /* Build configuration list for PBXProject "Bharat+" */;
			compatibilityVersion = "Xcode 3.2";
			developmentRegion = English;
			hasScannedForEncodings = 0;
			knownRegions = (
				en,
				Base,
			);
			mainGroup = 8BCF34A41DFE9B140010B68D;
			productRefGroup = 8BCF34AE1DFE9B140010B68D /* Products */;
			projectDirPath = "";
			projectRoot = "";
			targets = (
				8BCF34AC1DFE9B140010B68D /* Bharat+ */,
			);
		};
/* End PBXProject section */

/* Begin PBXResourcesBuildPhase section */
		8BCF34AB1DFE9B140010B68D /* Resources */ = {
			isa = PBXResourcesBuildPhase;
			buildActionMask = 2147483647;
			files = (
				8BCF34C01DFE9B140010B68D /* LaunchScreen.storyboard in Resources */,
				C5D328111DFFEE8100E19F5C /* popover_header_bg_TPL@2x.png in Resources */,
				8B98D8E61E000162000ECA71 /* pastedImage@2x.png in Resources */,
				8BCF34BD1DFE9B140010B68D /* Assets.xcassets in Resources */,
				C5D328101DFFEE8100E19F5C /* popover_header_bg_TPL.png in Resources */,
				C5D328121DFFEE8100E19F5C /* popover_header_bg_TPL@3x.png in Resources */,
				8BCF34BB1DFE9B140010B68D /* Main.storyboard in Resources */,
			);
			runOnlyForDeploymentPostprocessing = 0;
		};
/* End PBXResourcesBuildPhase section */

/* Begin PBXSourcesBuildPhase section */
		8BCF34A91DFE9B140010B68D /* Sources */ = {
			isa = PBXSourcesBuildPhase;
			buildActionMask = 2147483647;
			files = (
				8BCF34B81DFE9B140010B68D /* ViewController.m in Sources */,
				8BCF34B51DFE9B140010B68D /* AppDelegate.m in Sources */,
				C5D328081DFFC1F800E19F5C /* NewsFeedCell.m in Sources */,
				C5D328091DFFC1F800E19F5C /* NewsFeedViewController.m in Sources */,
				C5D328031DFEBBC300E19F5C /* PostViewController.m in Sources */,
				8BCF34C91DFE9F900010B68D /* BharatQueryController.m in Sources */,
				8BCF34B21DFE9B140010B68D /* main.m in Sources */,
				C5D3280C1DFFCDA500E19F5C /* ProductsViewController.m in Sources */,
				8BCF34DC1DFEA4450010B68D /* BharatDTO.m in Sources */,
			);
			runOnlyForDeploymentPostprocessing = 0;
		};
/* End PBXSourcesBuildPhase section */

/* Begin PBXVariantGroup section */
		8BCF34B91DFE9B140010B68D /* Main.storyboard */ = {
			isa = PBXVariantGroup;
			children = (
				8BCF34BA1DFE9B140010B68D /* Base */,
			);
			name = Main.storyboard;
			sourceTree = "<group>";
		};
		8BCF34BE1DFE9B140010B68D /* LaunchScreen.storyboard */ = {
			isa = PBXVariantGroup;
			children = (
				8BCF34BF1DFE9B140010B68D /* Base */,
			);
			name = LaunchScreen.storyboard;
			sourceTree = "<group>";
		};
/* End PBXVariantGroup section */

/* Begin XCBuildConfiguration section */
		8BCF34C21DFE9B140010B68D /* Debug */ = {
			isa = XCBuildConfiguration;
			buildSettings = {
				ALWAYS_SEARCH_USER_PATHS = NO;
				CLANG_CXX_LANGUAGE_STANDARD = "gnu++0x";
				CLANG_CXX_LIBRARY = "libc++";
				CLANG_ENABLE_MODULES = YES;
				CLANG_ENABLE_OBJC_ARC = YES;
				CLANG_WARN_BOOL_CONVERSION = YES;
				CLANG_WARN_CONSTANT_CONVERSION = YES;
				CLANG_WARN_DIRECT_OBJC_ISA_USAGE = YES_ERROR;
				CLANG_WARN_EMPTY_BODY = YES;
				CLANG_WARN_ENUM_CONVERSION = YES;
				CLANG_WARN_INT_CONVERSION = YES;
				CLANG_WARN_OBJC_ROOT_CLASS = YES_ERROR;
				CLANG_WARN_UNREACHABLE_CODE = YES;
				CLANG_WARN__DUPLICATE_METHOD_MATCH = YES;
				"CODE_SIGN_IDENTITY[sdk=iphoneos*]" = "iPhone Developer";
				COPY_PHASE_STRIP = NO;
				DEBUG_INFORMATION_FORMAT = dwarf;
				ENABLE_STRICT_OBJC_MSGSEND = YES;
				ENABLE_TESTABILITY = YES;
				GCC_C_LANGUAGE_STANDARD = gnu99;
				GCC_DYNAMIC_NO_PIC = NO;
				GCC_NO_COMMON_BLOCKS = YES;
				GCC_OPTIMIZATION_LEVEL = 0;
				GCC_PREPROCESSOR_DEFINITIONS = (
					"DEBUG=1",
					"$(inherited)",
				);
				GCC_WARN_64_TO_32_BIT_CONVERSION = YES;
				GCC_WARN_ABOUT_RETURN_TYPE = YES_ERROR;
				GCC_WARN_UNDECLARED_SELECTOR = YES;
				GCC_WARN_UNINITIALIZED_AUTOS = YES_AGGRESSIVE;
				GCC_WARN_UNUSED_FUNCTION = YES;
				GCC_WARN_UNUSED_VARIABLE = YES;
				IPHONEOS_DEPLOYMENT_TARGET = 9.0;
				MTL_ENABLE_DEBUG_INFO = YES;
				ONLY_ACTIVE_ARCH = YES;
				SDKROOT = iphoneos;
				TARGETED_DEVICE_FAMILY = "1,2";
			};
			name = Debug;
		};
		8BCF34C31DFE9B140010B68D /* Release */ = {
			isa = XCBuildConfiguration;
			buildSettings = {
				ALWAYS_SEARCH_USER_PATHS = NO;
				CLANG_CXX_LANGUAGE_STANDARD = "gnu++0x";
				CLANG_CXX_LIBRARY = "libc++";
				CLANG_ENABLE_MODULES = YES;
				CLANG_ENABLE_OBJC_ARC = YES;
				CLANG_WARN_BOOL_CONVERSION = YES;
				CLANG_WARN_CONSTANT_CONVERSION = YES;
				CLANG_WARN_DIRECT_OBJC_ISA_USAGE = YES_ERROR;
				CLANG_WARN_EMPTY_BODY = YES;
				CLANG_WARN_ENUM_CONVERSION = YES;
				CLANG_WARN_INT_CONVERSION = YES;
				CLANG_WARN_OBJC_ROOT_CLASS = YES_ERROR;
				CLANG_WARN_UNREACHABLE_CODE = YES;
				CLANG_WARN__DUPLICATE_METHOD_MATCH = YES;
				"CODE_SIGN_IDENTITY[sdk=iphoneos*]" = "iPhone Developer";
				COPY_PHASE_STRIP = NO;
				DEBUG_INFORMATION_FORMAT = "dwarf-with-dsym";
				ENABLE_NS_ASSERTIONS = NO;
				ENABLE_STRICT_OBJC_MSGSEND = YES;
				GCC_C_LANGUAGE_STANDARD = gnu99;
				GCC_NO_COMMON_BLOCKS = YES;
				GCC_WARN_64_TO_32_BIT_CONVERSION = YES;
				GCC_WARN_ABOUT_RETURN_TYPE = YES_ERROR;
				GCC_WARN_UNDECLARED_SELECTOR = YES;
				GCC_WARN_UNINITIALIZED_AUTOS = YES_AGGRESSIVE;
				GCC_WARN_UNUSED_FUNCTION = YES;
				GCC_WARN_UNUSED_VARIABLE = YES;
				IPHONEOS_DEPLOYMENT_TARGET = 9.0;
				MTL_ENABLE_DEBUG_INFO = NO;
				SDKROOT = iphoneos;
				TARGETED_DEVICE_FAMILY = "1,2";
				VALIDATE_PRODUCT = YES;
			};
			name = Release;
		};
		8BCF34C51DFE9B140010B68D /* Debug */ = {
			isa = XCBuildConfiguration;
			buildSettings = {
				ASSETCATALOG_COMPILER_APPICON_NAME = AppIcon;
				FRAMEWORK_SEARCH_PATHS = (
					"$(inherited)",
					"$(PROJECT_DIR)/Bharat+",
				);
				INFOPLIST_FILE = "Bharat+/Info.plist";
				LD_RUNPATH_SEARCH_PATHS = "$(inherited) @executable_path/Frameworks";
				PRODUCT_BUNDLE_IDENTIFIER = com.Genpact.Bharat;
				PRODUCT_NAME = "$(TARGET_NAME)";
			};
			name = Debug;
		};
		8BCF34C61DFE9B140010B68D /* Release */ = {
			isa = XCBuildConfiguration;
			buildSettings = {
				ASSETCATALOG_COMPILER_APPICON_NAME = AppIcon;
				FRAMEWORK_SEARCH_PATHS = (
					"$(inherited)",
					"$(PROJECT_DIR)/Bharat+",
				);
				INFOPLIST_FILE = "Bharat+/Info.plist";
				LD_RUNPATH_SEARCH_PATHS = "$(inherited) @executable_path/Frameworks";
				PRODUCT_BUNDLE_IDENTIFIER = com.Genpact.Bharat;
				PRODUCT_NAME = "$(TARGET_NAME)";
			};
			name = Release;
		};
/* End XCBuildConfiguration section */

/* Begin XCConfigurationList section */
		8BCF34A81DFE9B140010B68D /* Build configuration list for PBXProject "Bharat+" */ = {
			isa = XCConfigurationList;
			buildConfigurations = (
				8BCF34C21DFE9B140010B68D /* Debug */,
				8BCF34C31DFE9B140010B68D /* Release */,
			);
			defaultConfigurationIsVisible = 0;
			defaultConfigurationName = Release;
		};
		8BCF34C41DFE9B140010B68D /* Build configuration list for PBXNativeTarget "Bharat+" */ = {
			isa = XCConfigurationList;
			buildConfigurations = (
				8BCF34C51DFE9B140010B68D /* Debug */,
				8BCF34C61DFE9B140010B68D /* Release */,
			);
			defaultConfigurationIsVisible = 0;
			defaultConfigurationName = Release;
		};
/* End XCConfigurationList section */
	};
	rootObject = 8BCF34A51DFE9B140010B68D /* Project object */;
}
